
Microsoft Visual Studio Solution File, Format Version 12.00
# Visual Studio Version 16
VisualStudioVersion = 16.0.32510.428
MinimumVisualStudioVersion = 10.0.40219.1
Project("{FAE04EC0-301F-11D3-BF4B-00C04F79EFBC}") = "AppMVC", "AppMVC\AppMVC.csproj", "{46EA8C37-8FF2-4F1E-B3CB-D0A1A47B1B8E}"
EndProject
Global
	GlobalSection(SolutionConfigurationPlatforms) = preSolution
		Debug|Any CPU = Debug|Any CPU
		Release|Any CPU = Release|Any CPU
	EndGlobalSection
	GlobalSection(ProjectConfigurationPlatforms) = postSolution
		{46EA8C37-8FF2-4F1E-B3CB-D0A1A47B1B8E}.Debug|Any CPU.ActiveCfg = Debug|Any CPU
		{46EA8C37-8FF2-4F1E-B3CB-D0A1A47B1B8E}.Debug|Any CPU.Build.0 = Debug|Any CPU
		{46EA8C37-8FF2-4F1E-B3CB-D0A1A47B1B8E}.Release|Any CPU.ActiveCfg = Release|Any CPU
		{46EA8C37-8FF2-4F1E-B3CB-D0A1A47B1B8E}.Release|Any CPU.Build.0 = Release|Any CPU
	EndGlobalSection
	GlobalSection(SolutionProperties) = preSolution
		HideSolutionNode = FALSE
	EndGlobalSection
	GlobalSection(ExtensibilityGlobals) = postSolution
		SolutionGuid = {39572DA8-817E-483B-9429-6A65E07A6EC7}
	EndGlobalSection
EndGlobal
